{
  "name": "@deepseek-ai/dsh-desktop-cli-runtime",
  "version": "0.1.0",
  "lockfileVersion": 3,
  "requires": true,
  "packages": {
    "": {
      "name": "@deepseek-ai/dsh-desktop-cli-runtime",
      "version": "0.1.0",
      "license": "MIT",
      "dependencies": {
        "@manturhub/cli": "file:manturhub-cli-0.11.0.tgz"
      }
    },
    "node_modules/@manturhub/cli": {
      "version": "0.11.0",
      "resolved": "file:manturhub-cli-0.11.0.tgz",
      "integrity": "sha512-bvq83dDCeHG5oW5ExU8/iK4XLxsdDm8RA7qau+zwzCiCH/Jh0wsgwEUPul5zE98L3sIHG3h1JCsoAJr4mGqKTw==",
      "license": "MIT",
      "dependencies": {
        "@vercel/detect-agent": "^1.2.1"
      },
      "bin": {
        "manturhub": "bin/cli.js"
      },
      "engines": {
        "node": ">=18"
      }
    },
    "node_modules/@vercel/detect-agent": {
      "version": "1.2.1",
      "resolved": "https://registry.npmjs.org/@vercel/detect-agent/-/detect-agent-1.2.1.tgz",
      "integrity": "sha512-U/BJCltQSTFTHwaiCQQTQG3GonTbRoEewjV+OU2mMjcHLAoPOh6CP1SXA2XNmqiqI3c82nkRNJ7piZ14RqmTXw==",
      "license": "Apache-2.0",
      "engines": {
        "node": ">=14"
      }
    }
  }
}
