{
  "name": "@deepseek-ai/dsh-desktop-cli-runtime",
  "version": "0.1.0",
  "lockfileVersion": 3,
  "requires": true,
  "packages": {
    "": {
      "name": "@deepseek-ai/dsh-desktop-cli-runtime",
      "version": "0.1.0",
      "license": "MIT",
      "dependencies": {
        "@manturhub/cli": "file:manturhub-cli-1.1.4.tgz"
      }
    },
    "node_modules/@manturhub/cli": {
      "version": "1.1.4",
      "resolved": "file:manturhub-cli-1.1.4.tgz",
      "integrity": "sha512-1L308zOi8sHZ/fWNsbrvbtWJ9a+Blo+lZUTNN1TPKdia7AXwfpo3pf80wKLBAIamh53owOIHNKVCxVvSEc5y0Q==",
      "license": "MIT",
      "dependencies": {
        "@vercel/detect-agent": "^1.2.1"
      },
      "bin": {
        "manturhub": "bin/cli.js"
      },
      "engines": {
        "node": ">=18"
      }
    },
    "node_modules/@vercel/detect-agent": {
      "version": "1.2.1",
      "resolved": "https://registry.npmjs.org/@vercel/detect-agent/-/detect-agent-1.2.1.tgz",
      "integrity": "sha512-U/BJCltQSTFTHwaiCQQTQG3GonTbRoEewjV+OU2mMjcHLAoPOh6CP1SXA2XNmqiqI3c82nkRNJ7piZ14RqmTXw==",
      "license": "Apache-2.0",
      "engines": {
        "node": ">=14"
      }
    }
  }
}
